// !$*UTF8*$!
{
	archiveVersion = 1;
	classes = {
	};
	objectVersion = 46;
	objects = {

/* Begin PBXBuildFile section */
		58309EE71E8A65F10002FCCA /* AppDelegate.swift in Sources */ = {isa = PBXBuildFile; fileRef = 58309EE61E8A65F10002FCCA /* AppDelegate.swift */; };
		58309EE91E8A65F10002FCCA /* ViewController.swift in Sources */ = {isa = PBXBuildFile; fileRef = 58309EE81E8A65F10002FCCA /* ViewController.swift */; };
		58309EEC1E8A65F20002FCCA /* Main.storyboard in Resources */ = {isa = PBXBuildFile; fileRef = 58309EEA1E8A65F20002FCCA /* Main.storyboard */; };
		58309EEE1E8A65F20002FCCA /* Assets.xcassets in Resources */ = {isa = PBXBuildFile; fileRef = 58309EED1E8A65F20002FCCA /* Assets.xcassets */; };
		58309EF11E8A65F20002FCCA /* LaunchScreen.storyboard in Resources */ = {isa = PBXBuildFile; fileRef = 58309EEF1E8A65F20002FCCA /* LaunchScreen.storyboard */; };
		58309EFE1E8A673F0002FCCA /* Colors.swift in Sources */ = {isa = PBXBuildFile; fileRef = 58309EFC1E8A673F0002FCCA /* Colors.swift */; };
		58309EFF1E8A673F0002FCCA /* CoreGraphicsDemo.swift in Sources */ = {isa = PBXBuildFile; fileRef = 58309EFD1E8A673F0002FCCA /* CoreGraphicsDemo.swift */; };
/* End PBXBuildFile section */

/* Begin PBXFileReference section */
		58309EE31E8A65F10002FCCA /* CoreGraphicsDemo.app */ = {isa = PBXFileReference; explicitFileType = wrapper.application; includeInIndex = 0; path = CoreGraphicsDemo.app; sourceTree = BUILT_PRODUCTS_DIR; };
		58309EE61E8A65F10002FCCA /* AppDelegate.swift */ = {isa = PBXFileReference; lastKnownFileType = sourcecode.swift; path = AppDelegate.swift; sourceTree = "<group>"; };
		58309EE81E8A65F10002FCCA /* ViewController.swift */ = {isa = PBXFileReference; lastKnownFileType = sourcecode.swift; path = ViewController.swift; sourceTree = "<group>"; };
		58309EEB1E8A65F20002FCCA /* Base */ = {isa = PBXFileReference; lastKnownFileType = file.storyboard; name = Base; path = Base.lproj/Main.storyboard; sourceTree = "<group>"; };
		58309EED1E8A65F20002FCCA /* Assets.xcassets */ = {isa = PBXFileReference; lastKnownFileType = folder.assetcatalog; path = Assets.xcassets; sourceTree = "<group>"; };
		58309EF01E8A65F20002FCCA /* Base */ = {isa = PBXFileReference; lastKnownFileType = file.storyboard; name = Base; path = Base.lproj/LaunchScreen.storyboard; sourceTree = "<group>"; };
		58309EF21E8A65F20002FCCA /* Info.plist */ = {isa = PBXFileReference; lastKnownFileType = text.plist.xml; path = Info.plist; sourceTree = "<group>"; };
		58309EFC1E8A673F0002FCCA /* Colors.swift */ = {isa = PBXFileReference; fileEncoding = 4; lastKnownFileType = sourcecode.swift; path = Colors.swift; sourceTree = "<group>"; };
		58309EFD1E8A673F0002FCCA /* CoreGraphicsDemo.swift */ = {isa = PBXFileReference; fileEncoding = 4; lastKnownFileType = sourcecode.swift; path = CoreGraphicsDemo.swift; sourceTree = "<group>"; };
/* End PBXFileReference section */

/* Begin PBXFrameworksBuildPhase section */
		58309EE01E8A65F10002FCCA /* Frameworks */ = {
			isa = PBXFrameworksBuildPhase;
			buildActionMask = 2147483647;
			files = (
			);
			runOnlyForDeploymentPostprocessing = 0;
		};
/* End PBXFrameworksBuildPhase section */

/* Begin PBXGroup section */
		58309EDA1E8A65F10002FCCA = {
			isa = PBXGroup;
			children = (
				58309EE51E8A65F10002FCCA /* CoreGraphicsDemo */,
				58309EE41E8A65F10002FCCA /* Products */,
			);
			sourceTree = "<group>";
		};
		58309EE41E8A65F10002FCCA /* Products */ = {
			isa = PBXGroup;
			children = (
				58309EE31E8A65F10002FCCA /* CoreGraphicsDemo.app */,
			);
			name = Products;
			sourceTree = "<group>";
		};
		58309EE51E8A65F10002FCCA /* CoreGraphicsDemo */ = {
			isa = PBXGroup;
			children = (
				58309EFD1E8A673F0002FCCA /* CoreGraphicsDemo.swift */,
				58309EEA1E8A65F20002FCCA /* Main.storyboard */,
				58309F001E8A67470002FCCA /* SupportFile */,
			);
			path = CoreGraphicsDemo;
			sourceTree = "<group>";
		};
		58309F001E8A67470002FCCA /* SupportFile */ = {
			isa = PBXGroup;
			children = (
				58309EFC1E8A673F0002FCCA /* Colors.swift */,
				58309EE61E8A65F10002FCCA /* AppDelegate.swift */,
				58309EE81E8A65F10002FCCA /* ViewController.swift */,
				58309EED1E8A65F20002FCCA /* Assets.xcassets */,
				58309EEF1E8A65F20002FCCA /* LaunchScreen.storyboard */,
				58309EF21E8A65F20002FCCA /* Info.plist */,
			);
			name = SupportFile;
			sourceTree = "<group>";
		};
/* End PBXGroup section */

/* Begin PBXNativeTarget section */
		58309EE21E8A65F10002FCCA /* CoreGraphicsDemo */ = {
			isa = PBXNativeTarget;
			buildConfigurationList = 58309EF51E8A65F20002FCCA /* Build configuration list for PBXNativeTarget "CoreGraphicsDemo" */;
			buildPhases = (
				58309EDF1E8A65F10002FCCA /* Sources */,
				58309EE01E8A65F10002FCCA /* Frameworks */,
				58309EE11E8A65F10002FCCA /* Resources */,
			);
			buildRules = (
			);
			dependencies = (
			);
			name = CoreGraphicsDemo;
			productName = CoreGraphicsDemo;
			productReference = 58309EE31E8A65F10002FCCA /* CoreGraphicsDemo.app */;
			productType = "com.apple.product-type.application";
		};
/* End PBXNativeTarget section */

/* Begin PBXProject section */
		58309EDB1E8A65F10002FCCA /* Project object */ = {
			isa = PBXProject;
			attributes = {
				LastSwiftUpdateCheck = 0820;
				LastUpgradeCheck = 0820;
				ORGANIZATIONNAME = "王富生";
				TargetAttributes = {
					58309EE21E8A65F10002FCCA = {
						CreatedOnToolsVersion = 8.2.1;
						DevelopmentTeam = 9M3U39WMQ7;
						ProvisioningStyle = Automatic;
					};
				};
			};
			buildConfigurationList = 58309EDE1E8A65F10002FCCA /* Build configuration list for PBXProject "CoreGraphicsDemo" */;
			compatibilityVersion = "Xcode 3.2";
			developmentRegion = English;
			hasScannedForEncodings = 0;
			knownRegions = (
				en,
				Base,
			);
			mainGroup = 58309EDA1E8A65F10002FCCA;
			productRefGroup = 58309EE41E8A65F10002FCCA /* Products */;
			projectDirPath = "";
			projectRoot = "";
			targets = (
				58309EE21E8A65F10002FCCA /* CoreGraphicsDemo */,
			);
		};
/* End PBXProject section */

/* Begin PBXResourcesBuildPhase section */
		58309EE11E8A65F10002FCCA /* Resources */ = {
			isa = PBXResourcesBuildPhase;
			buildActionMask = 2147483647;
			files = (
				58309EF11E8A65F20002FCCA /* LaunchScreen.storyboard in Resources */,
				58309EEE1E8A65F20002FCCA /* Assets.xcassets in Resources */,
				58309EEC1E8A65F20002FCCA /* Main.storyboard in Resources */,
			);
			runOnlyForDeploymentPostprocessing = 0;
		};
/* End PBXResourcesBuildPhase section */

/* Begin PBXSourcesBuildPhase section */
		58309EDF1E8A65F10002FCCA /* Sources */ = {
			isa = PBXSourcesBuildPhase;
			buildActionMask = 2147483647;
			files = (
				58309EFF1E8A673F0002FCCA /* CoreGraphicsDemo.swift in Sources */,
				58309EE91E8A65F10002FCCA /* ViewController.swift in Sources */,
				58309EFE1E8A673F0002FCCA /* Colors.swift in Sources */,
				58309EE71E8A65F10002FCCA /* AppDelegate.swift in Sources */,
			);
			runOnlyForDeploymentPostprocessing = 0;
		};
/* End PBXSourcesBuildPhase section */

/* Begin PBXVariantGroup section */
		58309EEA1E8A65F20002FCCA /* Main.storyboard */ = {
			isa = PBXVariantGroup;
			children = (
				58309EEB1E8A65F20002FCCA /* Base */,
			);
			name = Main.storyboard;
			sourceTree = "<group>";
		};
		58309EEF1E8A65F20002FCCA /* LaunchScreen.storyboard */ = {
			isa = PBXVariantGroup;
			children = (
				58309EF01E8A65F20002FCCA /* Base */,
			);
			name = LaunchScreen.storyboard;
			sourceTree = "<group>";
		};
/* End PBXVariantGroup section */

/* Begin XCBuildConfiguration section */
		58309EF31E8A65F20002FCCA /* Debug */ = {
			isa = XCBuildConfiguration;
			buildSettings = {
				ALWAYS_SEARCH_USER_PATHS = NO;
				CLANG_ANALYZER_NONNULL = YES;
				CLANG_CXX_LANGUAGE_STANDARD = "gnu++0x";
				CLANG_CXX_LIBRARY = "libc++";
				CLANG_ENABLE_MODULES = YES;
				CLANG_ENABLE_OBJC_ARC = YES;
				CLANG_WARN_BOOL_CONVERSION = YES;
				CLANG_WARN_CONSTANT_CONVERSION = YES;
				CLANG_WARN_DIRECT_OBJC_ISA_USAGE = YES_ERROR;
				CLANG_WARN_DOCUMENTATION_COMMENTS = YES;
				CLANG_WARN_EMPTY_BODY = YES;
				CLANG_WARN_ENUM_CONVERSION = YES;
				CLANG_WARN_INFINITE_RECURSION = YES;
				CLANG_WARN_INT_CONVERSION = YES;
				CLANG_WARN_OBJC_ROOT_CLASS = YES_ERROR;
				CLANG_WARN_SUSPICIOUS_MOVE = YES;
				CLANG_WARN_UNREACHABLE_CODE = YES;
				CLANG_WARN__DUPLICATE_METHOD_MATCH = YES;
				"CODE_SIGN_IDENTITY[sdk=iphoneos*]" = "iPhone Developer";
				COPY_PHASE_STRIP = NO;
				DEBUG_INFORMATION_FORMAT = dwarf;
				ENABLE_STRICT_OBJC_MSGSEND = YES;
				ENABLE_TESTABILITY = YES;
				GCC_C_LANGUAGE_STANDARD = gnu99;
				GCC_DYNAMIC_NO_PIC = NO;
				GCC_NO_COMMON_BLOCKS = YES;
				GCC_OPTIMIZATION_LEVEL = 0;
				GCC_PREPROCESSOR_DEFINITIONS = (
					"DEBUG=1",
					"$(inherited)",
				);
				GCC_WARN_64_TO_32_BIT_CONVERSION = YES;
				GCC_WARN_ABOUT_RETURN_TYPE = YES_ERROR;
				GCC_WARN_UNDECLARED_SELECTOR = YES;
				GCC_WARN_UNINITIALIZED_AUTOS = YES_AGGRESSIVE;
				GCC_WARN_UNUSED_FUNCTION = YES;
				GCC_WARN_UNUSED_VARIABLE = YES;
				IPHONEOS_DEPLOYMENT_TARGET = 10.2;
				MTL_ENABLE_DEBUG_INFO = YES;
				ONLY_ACTIVE_ARCH = YES;
				SDKROOT = iphoneos;
				SWIFT_ACTIVE_COMPILATION_CONDITIONS = DEBUG;
				SWIFT_OPTIMIZATION_LEVEL = "-Onone";
			};
			name = Debug;
		};
		58309EF41E8A65F20002FCCA /* Release */ = {
			isa = XCBuildConfiguration;
			buildSettings = {
				ALWAYS_SEARCH_USER_PATHS = NO;
				CLANG_ANALYZER_NONNULL = YES;
				CLANG_CXX_LANGUAGE_STANDARD = "gnu++0x";
				CLANG_CXX_LIBRARY = "libc++";
				CLANG_ENABLE_MODULES = YES;
				CLANG_ENABLE_OBJC_ARC = YES;
				CLANG_WARN_BOOL_CONVERSION = YES;
				CLANG_WARN_CONSTANT_CONVERSION = YES;
				CLANG_WARN_DIRECT_OBJC_ISA_USAGE = YES_ERROR;
				CLANG_WARN_DOCUMENTATION_COMMENTS = YES;
				CLANG_WARN_EMPTY_BODY = YES;
				CLANG_WARN_ENUM_CONVERSION = YES;
				CLANG_WARN_INFINITE_RECURSION = YES;
				CLANG_WARN_INT_CONVERSION = YES;
				CLANG_WARN_OBJC_ROOT_CLASS = YES_ERROR;
				CLANG_WARN_SUSPICIOUS_MOVE = YES;
				CLANG_WARN_UNREACHABLE_CODE = YES;
				CLANG_WARN__DUPLICATE_METHOD_MATCH = YES;
				"CODE_SIGN_IDENTITY[sdk=iphoneos*]" = "iPhone Developer";
				COPY_PHASE_STRIP = NO;
				DEBUG_INFORMATION_FORMAT = "dwarf-with-dsym";
				ENABLE_NS_ASSERTIONS = NO;
				ENABLE_STRICT_OBJC_MSGSEND = YES;
				GCC_C_LANGUAGE_STANDARD = gnu99;
				GCC_NO_COMMON_BLOCKS = YES;
				GCC_WARN_64_TO_32_BIT_CONVERSION = YES;
				GCC_WARN_ABOUT_RETURN_TYPE = YES_ERROR;
				GCC_WARN_UNDECLARED_SELECTOR = YES;
				GCC_WARN_UNINITIALIZED_AUTOS = YES_AGGRESSIVE;
				GCC_WARN_UNUSED_FUNCTION = YES;
				GCC_WARN_UNUSED_VARIABLE = YES;
				IPHONEOS_DEPLOYMENT_TARGET = 10.2;
				MTL_ENABLE_DEBUG_INFO = NO;
				SDKROOT = iphoneos;
				SWIFT_OPTIMIZATION_LEVEL = "-Owholemodule";
				VALIDATE_PRODUCT = YES;
			};
			name = Release;
		};
		58309EF61E8A65F20002FCCA /* Debug */ = {
			isa = XCBuildConfiguration;
			buildSettings = {
				ASSETCATALOG_COMPILER_APPICON_NAME = AppIcon;
				DEVELOPMENT_TEAM = 9M3U39WMQ7;
				INFOPLIST_FILE = CoreGraphicsDemo/Info.plist;
				LD_RUNPATH_SEARCH_PATHS = "$(inherited) @executable_path/Frameworks";
				PRODUCT_BUNDLE_IDENTIFIER = wang.CoreGraphicsDemo;
				PRODUCT_NAME = "$(TARGET_NAME)";
				SWIFT_VERSION = 3.0;
			};
			name = Debug;
		};
		58309EF71E8A65F20002FCCA /* Release */ = {
			isa = XCBuildConfiguration;
			buildSettings = {
				ASSETCATALOG_COMPILER_APPICON_NAME = AppIcon;
				DEVELOPMENT_TEAM = 9M3U39WMQ7;
				INFOPLIST_FILE = CoreGraphicsDemo/Info.plist;
				LD_RUNPATH_SEARCH_PATHS = "$(inherited) @executable_path/Frameworks";
				PRODUCT_BUNDLE_IDENTIFIER = wang.CoreGraphicsDemo;
				PRODUCT_NAME = "$(TARGET_NAME)";
				SWIFT_VERSION = 3.0;
			};
			name = Release;
		};
/* End XCBuildConfiguration section */

/* Begin XCConfigurationList section */
		58309EDE1E8A65F10002FCCA /* Build configuration list for PBXProject "CoreGraphicsDemo" */ = {
			isa = XCConfigurationList;
			buildConfigurations = (
				58309EF31E8A65F20002FCCA /* Debug */,
				58309EF41E8A65F20002FCCA /* Release */,
			);
			defaultConfigurationIsVisible = 0;
			defaultConfigurationName = Release;
		};
		58309EF51E8A65F20002FCCA /* Build configuration list for PBXNativeTarget "CoreGraphicsDemo" */ = {
			isa = XCConfigurationList;
			buildConfigurations = (
				58309EF61E8A65F20002FCCA /* Debug */,
				58309EF71E8A65F20002FCCA /* Release */,
			);
			defaultConfigurationIsVisible = 0;
		};
/* End XCConfigurationList section */
	};
	rootObject = 58309EDB1E8A65F10002FCCA /* Project object */;
}
